{
  "name": "polinet",
  "version": "1.0.0",
  "lockfileVersion": 1,
  "requires": true,
  "dependencies": {
    "@types/jquery": {
      "version": "3.3.2",
      "resolved": "https://registry.npmjs.org/@types/jquery/-/jquery-3.3.2.tgz",
      "integrity": "sha512-ByZwKSEqteAta4VrIalqGJZmMq9lWPD3H3f5Xs6RR8B7zQRDPGUtjoKBYNtKTz/7LgBEQMdlxVbbjQfUaEIItA=="
    },
    "@types/jqueryui": {
      "version": "1.12.2",
      "resolved": "https://registry.npmjs.org/@types/jqueryui/-/jqueryui-1.12.2.tgz",
      "integrity": "sha512-OZ3HZFxpyaoCgFO4qBliDS5QzeN+/X9Mr76VUD4L1TTOW0OYtnJl3bG4AfPI8Of7i0xgUA79Oo4KgteMnjllOQ==",
      "requires": {
        "@types/jquery": "*"
      }
    },
    "@types/moment": {
      "version": "2.13.0",
      "resolved": "https://registry.npmjs.org/@types/moment/-/moment-2.13.0.tgz",
      "integrity": "sha1-YE69GJvDvDShVIaJQE5hoqSqyJY=",
      "requires": {
        "moment": "*"
      }
    },
    "@types/pikaday": {
      "version": "1.6.3",
      "resolved": "https://registry.npmjs.org/@types/pikaday/-/pikaday-1.6.3.tgz",
      "integrity": "sha1-zGXcclLlJie1zEcTtBJFa61jfnA=",
      "requires": {
        "moment": ">=2.14.0"
      }
    },
    "@types/slickgrid": {
      "version": "2.1.25",
      "resolved": "https://registry.npmjs.org/@types/slickgrid/-/slickgrid-2.1.25.tgz",
      "integrity": "sha512-dcPL90A9/l9iz+0nocIro6pODREO2lxvSv0fG26MVTjOW+V6QNlY+6QWxhneG46g2903ctJSPswY4SHQV8p1XA==",
      "requires": {
        "@types/jquery": "*"
      }
    },
    "moment": {
      "version": "2.22.1",
      "resolved": "https://registry.npmjs.org/moment/-/moment-2.22.1.tgz",
      "integrity": "sha512-shJkRTSebXvsVqk56I+lkb2latjBs8I+pc2TzWc545y2iFnSjm7Wg0QMh+ZWcdSLQyGEau5jI8ocnmkyTgr9YQ=="
    }
  }
}
