
Microsoft Visual Studio Solution File, Format Version 12.00
# Visual Studio 15
VisualStudioVersion = 15.0.27703.2042
MinimumVisualStudioVersion = 10.0.40219.1
Project("{9A19103F-16F7-4668-BE54-9A1E7A4F7556}") = "ProjectTemplate", "ProjectTemplate\ProjectTemplate.csproj", "{00E1A394-D622-42E8-AAD6-7D8DFC3803C9}"
EndProject
Global
	GlobalSection(SolutionConfigurationPlatforms) = preSolution
		Debug|Any CPU = Debug|Any CPU
		Release|Any CPU = Release|Any CPU
	EndGlobalSection
	GlobalSection(ProjectConfigurationPlatforms) = postSolution
		{00E1A394-D622-42E8-AAD6-7D8DFC3803C9}.Debug|Any CPU.ActiveCfg = Debug|Any CPU
		{00E1A394-D622-42E8-AAD6-7D8DFC3803C9}.Debug|Any CPU.Build.0 = Debug|Any CPU
		{00E1A394-D622-42E8-AAD6-7D8DFC3803C9}.Release|Any CPU.ActiveCfg = Release|Any CPU
		{00E1A394-D622-42E8-AAD6-7D8DFC3803C9}.Release|Any CPU.Build.0 = Release|Any CPU
	EndGlobalSection
	GlobalSection(SolutionProperties) = preSolution
		HideSolutionNode = FALSE
	EndGlobalSection
	GlobalSection(ExtensibilityGlobals) = postSolution
		SolutionGuid = {E314E136-0CD2-44BA-8F92-B9F93782705C}
	EndGlobalSection
EndGlobal
